Microsoft Visual Studio Solution File, Format Version 10.00
# Visual C++ Express 2008
Project("{8BC9CEB8-8B4A-11D0-8D11-00A0C91BC942}") = "DirectQ", "DirectQ\DirectQ.vcproj", "{AE4C00CC-F232-4917-89D7-5D78E6DF6AEB}"
EndProject
Global
	GlobalSection(SolutionConfigurationPlatforms) = preSolution
		Debug|Win32 = Debug|Win32
		Release|Win32 = Release|Win32
	EndGlobalSection
	GlobalSection(ProjectConfigurationPlatforms) = postSolution
		{AE4C00CC-F232-4917-89D7-5D78E6DF6AEB}.Debug|Win32.ActiveCfg = Debug|Win32
		{AE4C00CC-F232-4917-89D7-5D78E6DF6AEB}.Debug|Win32.Build.0 = Debug|Win32
		{AE4C00CC-F232-4917-89D7-5D78E6DF6AEB}.Release|Win32.ActiveCfg = Release|Win32
		{AE4C00CC-F232-4917-89D7-5D78E6DF6AEB}.Release|Win32.Build.0 = Release|Win32
	EndGlobalSection
	GlobalSection(SolutionProperties) = preSolution
		HideSolutionNode = FALSE
	EndGlobalSection
EndGlobal
